
Microsoft Visual Studio Solution File, Format Version 12.00
# Visual Studio Version 16
VisualStudioVersion = 16.0.31321.278
MinimumVisualStudioVersion = 10.0.40219.1
Project("{8BC9CEB8-8B4A-11D0-8D11-00A0C91BC942}") = "Sandbox", "Sandbox\Sandbox.vcxproj", "{4C8F5658-9547-49A6-AD1A-346DFF645E84}"
EndProject
Project("{8BC9CEB8-8B4A-11D0-8D11-00A0C91BC942}") = "Enyari", "Enyari\Enyari.vcxproj", "{DE9725A6-BEBA-4C47-A827-FEB83E6F579B}"
EndProject
Global
	GlobalSection(SolutionConfigurationPlatforms) = preSolution
		Debug|x64 = Debug|x64
		Release|x64 = Release|x64
	EndGlobalSection
	GlobalSection(ProjectConfigurationPlatforms) = postSolution
		{DE9725A6-BEBA-4C47-A827-FEB83E6F579B}.Debug|x64.ActiveCfg = Debug|x64
		{DE9725A6-BEBA-4C47-A827-FEB83E6F579B}.Debug|x64.Build.0 = Debug|x64
		{DE9725A6-BEBA-4C47-A827-FEB83E6F579B}.Release|x64.ActiveCfg = Release|x64
		{DE9725A6-BEBA-4C47-A827-FEB83E6F579B}.Release|x64.Build.0 = Release|x64
		{4C8F5658-9547-49A6-AD1A-346DFF645E84}.Debug|x64.ActiveCfg = Debug|x64
		{4C8F5658-9547-49A6-AD1A-346DFF645E84}.Debug|x64.Build.0 = Debug|x64
		{4C8F5658-9547-49A6-AD1A-346DFF645E84}.Release|x64.ActiveCfg = Release|x64
		{4C8F5658-9547-49A6-AD1A-346DFF645E84}.Release|x64.Build.0 = Release|x64
	EndGlobalSection
	GlobalSection(SolutionProperties) = preSolution
		HideSolutionNode = FALSE
	EndGlobalSection
	GlobalSection(ExtensibilityGlobals) = postSolution
		SolutionGuid = {14EC587A-B648-43C7-B4CE-006CCF52C981}
	EndGlobalSection
EndGlobal
